Microsoft Visual Studio Solution File, Format Version 11.00
# Visual Studio 2008

Project("{BC9E0C4D-3F63-ECAC-A031-0F8536D4ADDB}") = "CIS410-Team-Eric", "Assembly-CSharp.csproj", "{4C5C3779-F4B6-934E-BD4D-0DA7A82956C4}"
EndProject
Project("{BC9E0C4D-3F63-ECAC-A031-0F8536D4ADDB}") = "CIS410-Team-Eric", "Assembly-CSharp-Editor.csproj", "{C85AD0AE-7508-BF61-1336-AC254F825498}"
EndProject
Global
	GlobalSection(SolutionConfigurationPlatforms) = preSolution
		Debug|Any CPU = Debug|Any CPU
		Release|Any CPU = Release|Any CPU
	EndGlobalSection
	GlobalSection(ProjectConfigurationPlatforms) = postSolution
		{4C5C3779-F4B6-934E-BD4D-0DA7A82956C4}.Debug|Any CPU.ActiveCfg = Debug|Any CPU
		{4C5C3779-F4B6-934E-BD4D-0DA7A82956C4}.Debug|Any CPU.Build.0 = Debug|Any CPU
		{4C5C3779-F4B6-934E-BD4D-0DA7A82956C4}.Release|Any CPU.ActiveCfg = Release|Any CPU
		{4C5C3779-F4B6-934E-BD4D-0DA7A82956C4}.Release|Any CPU.Build.0 = Release|Any CPU
		{C85AD0AE-7508-BF61-1336-AC254F825498}.Debug|Any CPU.ActiveCfg = Debug|Any CPU
		{C85AD0AE-7508-BF61-1336-AC254F825498}.Debug|Any CPU.Build.0 = Debug|Any CPU
		{C85AD0AE-7508-BF61-1336-AC254F825498}.Release|Any CPU.ActiveCfg = Release|Any CPU
		{C85AD0AE-7508-BF61-1336-AC254F825498}.Release|Any CPU.Build.0 = Release|Any CPU
	EndGlobalSection
	GlobalSection(SolutionProperties) = preSolution
		HideSolutionNode = FALSE
	EndGlobalSection
	GlobalSection(MonoDevelopProperties) = preSolution
		StartupItem = Assembly-CSharp.csproj
	EndGlobalSection
EndGlobal
